// !$*UTF8*$!
{
	archiveVersion = 1;
	classes = {
	};
	objectVersion = 77;
	objects = {

/* Begin PBXBuildFile section */
		29C55EE62F6B4A00009AD065 /* PrivacyInfo.xcprivacy in Resources */ = {isa = PBXBuildFile; fileRef = 29C55EE52F6B4A00009AD065 /* PrivacyInfo.xcprivacy */; };
		29C55EE82F6B4A00009AD065 /* QuarterMeasure.storekit in Resources */ = {isa = PBXBuildFile; fileRef = 29C55EE72F6B4A00009AD065 /* QuarterMeasure.storekit */; };
/* End PBXBuildFile section */

/* Begin PBXContainerItemProxy section */
		29C55EC92F6B49B6009AD065 /* PBXContainerItemProxy */ = {
			isa = PBXContainerItemProxy;
			containerPortal = 29C55EB32F6B49B5009AD065 /* Project object */;
			proxyType = 1;
			remoteGlobalIDString = 29C55EBA2F6B49B5009AD065;
			remoteInfo = QuarterMeasure;
		};
		29C55ED32F6B49B6009AD065 /* PBXContainerItemProxy */ = {
			isa = PBXContainerItemProxy;
			containerPortal = 29C55EB32F6B49B5009AD065 /* Project object */;
			proxyType = 1;
			remoteGlobalIDString = 29C55EBA2F6B49B5009AD065;
			remoteInfo = QuarterMeasure;
		};
/* End PBXContainerItemProxy section */

/* Begin PBXFileReference section */
		29C55EBB2F6B49B5009AD065 /* QuarterMeasure.app */ = {isa = PBXFileReference; explicitFileType = wrapper.application; includeInIndex = 0; path = QuarterMeasure.app; sourceTree = BUILT_PRODUCTS_DIR; };
		29C55EC82F6B49B6009AD065 /* QuarterMeasureTests.xctest */ = {isa = PBXFileReference; explicitFileType = wrapper.cfbundle; includeInIndex = 0; path = QuarterMeasureTests.xctest; sourceTree = BUILT_PRODUCTS_DIR; };
		29C55ED22F6B49B6009AD065 /* QuarterMeasureUITests.xctest */ = {isa = PBXFileReference; explicitFileType = wrapper.cfbundle; includeInIndex = 0; path = QuarterMeasureUITests.xctest; sourceTree = BUILT_PRODUCTS_DIR; };
		29C55EE52F6B4A00009AD065 /* PrivacyInfo.xcprivacy */ = {isa = PBXFileReference; lastKnownFileType = text.xml; path = PrivacyInfo.xcprivacy; sourceTree = "<group>"; };
		29C55EE72F6B4A00009AD065 /* QuarterMeasure.storekit */ = {isa = PBXFileReference; lastKnownFileType = text; path = QuarterMeasure.storekit; sourceTree = "<group>"; };
/* End PBXFileReference section */

/* Begin PBXFileSystemSynchronizedRootGroup section */
		29C55EBD2F6B49B5009AD065 /* QuarterMeasure */ = {
			isa = PBXFileSystemSynchronizedRootGroup;
			path = QuarterMeasure;
			sourceTree = "<group>";
		};
		29C55ECB2F6B49B6009AD065 /* QuarterMeasureTests */ = {
			isa = PBXFileSystemSynchronizedRootGroup;
			path = QuarterMeasureTests;
			sourceTree = "<group>";
		};
		29C55ED52F6B49B6009AD065 /* QuarterMeasureUITests */ = {
			isa = PBXFileSystemSynchronizedRootGroup;
			path = QuarterMeasureUITests;
			sourceTree = "<group>";
		};
/* End PBXFileSystemSynchronizedRootGroup section */

/* Begin PBXFrameworksBuildPhase section */
		29C55EB82F6B49B5009AD065 /* Frameworks */ = {
			isa = PBXFrameworksBuildPhase;
			buildActionMask = 2147483647;
			files = (
			);
			runOnlyForDeploymentPostprocessing = 0;
		};
		29C55EC52F6B49B6009AD065 /* Frameworks */ = {
			isa = PBXFrameworksBuildPhase;
			buildActionMask = 2147483647;
			files = (
			);
			runOnlyForDeploymentPostprocessing = 0;
		};
		29C55ECF2F6B49B6009AD065 /* Frameworks */ = {
			isa = PBXFrameworksBuildPhase;
			buildActionMask = 2147483647;
			files = (
			);
			runOnlyForDeploymentPostprocessing = 0;
		};
/* End PBXFrameworksBuildPhase section */

/* Begin PBXGroup section */
		29C55EB22F6B49B5009AD065 = {
			isa = PBXGroup;
			children = (
				29C55EBD2F6B49B5009AD065 /* QuarterMeasure */,
				29C55ECB2F6B49B6009AD065 /* QuarterMeasureTests */,
				29C55ED52F6B49B6009AD065 /* QuarterMeasureUITests */,
				29C55EBC2F6B49B5009AD065 /* Products */,
				29C55EE52F6B4A00009AD065 /* PrivacyInfo.xcprivacy */,
				29C55EE72F6B4A00009AD065 /* QuarterMeasure.storekit */,
			);
			sourceTree = "<group>";
		};
		29C55EBC2F6B49B5009AD065 /* Products */ = {
			isa = PBXGroup;
			children = (
				29C55EBB2F6B49B5009AD065 /* QuarterMeasure.app */,
				29C55EC82F6B49B6009AD065 /* QuarterMeasureTests.xctest */,
				29C55ED22F6B49B6009AD065 /* QuarterMeasureUITests.xctest */,
			);
			name = Products;
			sourceTree = "<group>";
		};
/* End PBXGroup section */

/* Begin PBXNativeTarget section */
		29C55EBA2F6B49B5009AD065 /* QuarterMeasure */ = {
			isa = PBXNativeTarget;
			buildConfigurationList = 29C55EDC2F6B49B6009AD065 /* Build configuration list for PBXNativeTarget "QuarterMeasure" */;
			buildPhases = (
				29C55EB72F6B49B5009AD065 /* Sources */,
				29C55EB82F6B49B5009AD065 /* Frameworks */,
				29C55EB92F6B49B5009AD065 /* Resources */,
			);
			buildRules = (
			);
			dependencies = (
			);
			fileSystemSynchronizedGroups = (
				29C55EBD2F6B49B5009AD065 /* QuarterMeasure */,
			);
			name = QuarterMeasure;
			packageProductDependencies = (
			);
			productName = QuarterMeasure;
			productReference = 29C55EBB2F6B49B5009AD065 /* QuarterMeasure.app */;
			productType = "com.apple.product-type.application";
		};
		29C55EC72F6B49B6009AD065 /* QuarterMeasureTests */ = {
			isa = PBXNativeTarget;
			buildConfigurationList = 29C55EDF2F6B49B6009AD065 /* Build configuration list for PBXNativeTarget "QuarterMeasureTests" */;
			buildPhases = (
				29C55EC42F6B49B6009AD065 /* Sources */,
				29C55EC52F6B49B6009AD065 /* Frameworks */,
				29C55EC62F6B49B6009AD065 /* Resources */,
			);
			buildRules = (
			);
			dependencies = (
				29C55ECA2F6B49B6009AD065 /* PBXTargetDependency */,
			);
			fileSystemSynchronizedGroups = (
				29C55ECB2F6B49B6009AD065 /* QuarterMeasureTests */,
			);
			name = QuarterMeasureTests;
			packageProductDependencies = (
			);
			productName = QuarterMeasureTests;
			productReference = 29C55EC82F6B49B6009AD065 /* QuarterMeasureTests.xctest */;
			productType = "com.apple.product-type.bundle.unit-test";
		};
		29C55ED12F6B49B6009AD065 /* QuarterMeasureUITests */ = {
			isa = PBXNativeTarget;
			buildConfigurationList = 29C55EE22F6B49B6009AD065 /* Build configuration list for PBXNativeTarget "QuarterMeasureUITests" */;
			buildPhases = (
				29C55ECE2F6B49B6009AD065 /* Sources */,
				29C55ECF2F6B49B6009AD065 /* Frameworks */,
				29C55ED02F6B49B6009AD065 /* Resources */,
			);
			buildRules = (
			);
			dependencies = (
				29C55ED42F6B49B6009AD065 /* PBXTargetDependency */,
			);
			fileSystemSynchronizedGroups = (
				29C55ED52F6B49B6009AD065 /* QuarterMeasureUITests */,
			);
			name = QuarterMeasureUITests;
			packageProductDependencies = (
			);
			productName = QuarterMeasureUITests;
			productReference = 29C55ED22F6B49B6009AD065 /* QuarterMeasureUITests.xctest */;
			productType = "com.apple.product-type.bundle.ui-testing";
		};
/* End PBXNativeTarget section */

/* Begin PBXProject section */
		29C55EB32F6B49B5009AD065 /* Project object */ = {
			isa = PBXProject;
			attributes = {
				BuildIndependentTargetsInParallel = 1;
				LastSwiftUpdateCheck = 2630;
				LastUpgradeCheck = 2630;
				TargetAttributes = {
					29C55EBA2F6B49B5009AD065 = {
						CreatedOnToolsVersion = 26.3;
					};
					29C55EC72F6B49B6009AD065 = {
						CreatedOnToolsVersion = 26.3;
						TestTargetID = 29C55EBA2F6B49B5009AD065;
					};
					29C55ED12F6B49B6009AD065 = {
						CreatedOnToolsVersion = 26.3;
						TestTargetID = 29C55EBA2F6B49B5009AD065;
					};
				};
			};
			buildConfigurationList = 29C55EB62F6B49B5009AD065 /* Build configuration list for PBXProject "QuarterMeasure" */;
			developmentRegion = en;
			hasScannedForEncodings = 0;
			knownRegions = (
				en,
				Base,
			);
			mainGroup = 29C55EB22F6B49B5009AD065;
			minimizedProjectReferenceProxies = 1;
			preferredProjectObjectVersion = 77;
			productRefGroup = 29C55EBC2F6B49B5009AD065 /* Products */;
			projectDirPath = "";
			projectRoot = "";
			targets = (
				29C55EBA2F6B49B5009AD065 /* QuarterMeasure */,
				29C55EC72F6B49B6009AD065 /* QuarterMeasureTests */,
				29C55ED12F6B49B6009AD065 /* QuarterMeasureUITests */,
			);
		};
/* End PBXProject section */

/* Begin PBXResourcesBuildPhase section */
		29C55EB92F6B49B5009AD065 /* Resources */ = {
			isa = PBXResourcesBuildPhase;
			buildActionMask = 2147483647;
			files = (
				29C55EE62F6B4A00009AD065 /* PrivacyInfo.xcprivacy in Resources */,
				29C55EE82F6B4A00009AD065 /* QuarterMeasure.storekit in Resources */,
			);
			runOnlyForDeploymentPostprocessing = 0;
		};
		29C55EC62F6B49B6009AD065 /* Resources */ = {
			isa = PBXResourcesBuildPhase;
			buildActionMask = 2147483647;
			files = (
			);
			runOnlyForDeploymentPostprocessing = 0;
		};
		29C55ED02F6B49B6009AD065 /* Resources */ = {
			isa = PBXResourcesBuildPhase;
			buildActionMask = 2147483647;
			files = (
			);
			runOnlyForDeploymentPostprocessing = 0;
		};
/* End PBXResourcesBuildPhase section */

/* Begin PBXSourcesBuildPhase section */
		29C55EB72F6B49B5009AD065 /* Sources */ = {
			isa = PBXSourcesBuildPhase;
			buildActionMask = 2147483647;
			files = (
			);
			runOnlyForDeploymentPostprocessing = 0;
		};
		29C55EC42F6B49B6009AD065 /* Sources */ = {
			isa = PBXSourcesBuildPhase;
			buildActionMask = 2147483647;
			files = (
			);
			runOnlyForDeploymentPostprocessing = 0;
		};
		29C55ECE2F6B49B6009AD065 /* Sources */ = {
			isa = PBXSourcesBuildPhase;
			buildActionMask = 2147483647;
			files = (
			);
			runOnlyForDeploymentPostprocessing = 0;
		};
/* End PBXSourcesBuildPhase section */

/* Begin PBXTargetDependency section */
		29C55ECA2F6B49B6009AD065 /* PBXTargetDependency */ = {
			isa = PBXTargetDependency;
			target = 29C55EBA2F6B49B5009AD065 /* QuarterMeasure */;
			targetProxy = 29C55EC92F6B49B6009AD065 /* PBXContainerItemProxy */;
		};
		29C55ED42F6B49B6009AD065 /* PBXTargetDependency */ = {
			isa = PBXTargetDependency;
			target = 29C55EBA2F6B49B5009AD065 /* QuarterMeasure */;
			targetProxy = 29C55ED32F6B49B6009AD065 /* PBXContainerItemProxy */;
		};
/* End PBXTargetDependency section */

/* Begin XCBuildConfiguration section */
		29C55EDA2F6B49B6009AD065 /* Debug */ = {
			isa = XCBuildConfiguration;
			buildSettings = {
				ALWAYS_SEARCH_USER_PATHS = NO;
				ASSETCATALOG_COMPILER_GENERATE_SWIFT_ASSET_SYMBOL_EXTENSIONS = YES;
				CLANG_ANALYZER_NONNULL = YES;
				CLANG_ANALYZER_NUMBER_OBJECT_CONVERSION = YES_AGGRESSIVE;
				CLANG_CXX_LANGUAGE_STANDARD = "gnu++20";
				CLANG_ENABLE_MODULES = YES;
				CLANG_ENABLE_OBJC_ARC = YES;
				CLANG_ENABLE_OBJC_WEAK = YES;
				CLANG_WARN_BLOCK_CAPTURE_AUTORELEASING = YES;
				CLANG_WARN_BOOL_CONVERSION = YES;
				CLANG_WARN_COMMA = YES;
				CLANG_WARN_CONSTANT_CONVERSION = YES;
				CLANG_WARN_DEPRECATED_OBJC_IMPLEMENTATIONS = YES;
				CLANG_WARN_DIRECT_OBJC_ISA_USAGE = YES_ERROR;
				CLANG_WARN_DOCUMENTATION_COMMENTS = YES;
				CLANG_WARN_EMPTY_BODY = YES;
				CLANG_WARN_ENUM_CONVERSION = YES;
				CLANG_WARN_INFINITE_RECURSION = YES;
				CLANG_WARN_INT_CONVERSION = YES;
				CLANG_WARN_NON_LITERAL_NULL_CONVERSION = YES;
				CLANG_WARN_OBJC_IMPLICIT_RETAIN_SELF = YES;
				CLANG_WARN_OBJC_LITERAL_CONVERSION = YES;
				CLANG_WARN_OBJC_ROOT_CLASS = YES_ERROR;
				CLANG_WARN_QUOTED_INCLUDE_IN_FRAMEWORK_HEADER = YES;
				CLANG_WARN_RANGE_LOOP_ANALYSIS = YES;
				CLANG_WARN_STRICT_PROTOTYPES = YES;
				CLANG_WARN_SUSPICIOUS_MOVE = YES;
				CLANG_WARN_UNGUARDED_AVAILABILITY = YES_AGGRESSIVE;
				CLANG_WARN_UNREACHABLE_CODE = YES;
				CLANG_WARN__DUPLICATE_METHOD_MATCH = YES;
				COPY_PHASE_STRIP = NO;
				DEBUG_INFORMATION_FORMAT = dwarf;
				DEVELOPMENT_TEAM = KCNKF4CG5B;
				ENABLE_STRICT_OBJC_MSGSEND = YES;
				ENABLE_TESTABILITY = YES;
				ENABLE_USER_SCRIPT_SANDBOXING = YES;
				GCC_C_LANGUAGE_STANDARD = gnu17;
				GCC_DYNAMIC_NO_PIC = NO;
				GCC_NO_COMMON_BLOCKS = YES;
				GCC_OPTIMIZATION_LEVEL = 0;
				GCC_PREPROCESSOR_DEFINITIONS = (
					"DEBUG=1",
					"$(inherited)",
				);
				GCC_WARN_64_TO_32_BIT_CONVERSION = YES;
				GCC_WARN_ABOUT_RETURN_TYPE = YES_ERROR;
				GCC_WARN_UNDECLARED_SELECTOR = YES;
				GCC_WARN_UNINITIALIZED_AUTOS = YES_AGGRESSIVE;
				GCC_WARN_UNUSED_FUNCTION = YES;
				GCC_WARN_UNUSED_VARIABLE = YES;
				IPHONEOS_DEPLOYMENT_TARGET = 26.2;
				LOCALIZATION_PREFERS_STRING_CATALOGS = YES;
				MTL_ENABLE_DEBUG_INFO = INCLUDE_SOURCE;
				MTL_FAST_MATH = YES;
				ONLY_ACTIVE_ARCH = YES;
				SDKROOT = iphoneos;
				SWIFT_ACTIVE_COMPILATION_CONDITIONS = "DEBUG $(inherited)";
				SWIFT_OPTIMIZATION_LEVEL = "-Onone";
			};
			name = Debug;
		};
		29C55EDB2F6B49B6009AD065 /* Release */ = {
			isa = XCBuildConfiguration;
			buildSettings = {
				ALWAYS_SEARCH_USER_PATHS = NO;
				ASSETCATALOG_COMPILER_GENERATE_SWIFT_ASSET_SYMBOL_EXTENSIONS = YES;
				CLANG_ANALYZER_NONNULL = YES;
				CLANG_ANALYZER_NUMBER_OBJECT_CONVERSION = YES_AGGRESSIVE;
				CLANG_CXX_LANGUAGE_STANDARD = "gnu++20";
				CLANG_ENABLE_MODULES = YES;
				CLANG_ENABLE_OBJC_ARC = YES;
				CLANG_ENABLE_OBJC_WEAK = YES;
				CLANG_WARN_BLOCK_CAPTURE_AUTORELEASING = YES;
				CLANG_WARN_BOOL_CONVERSION = YES;
				CLANG_WARN_COMMA = YES;
				CLANG_WARN_CONSTANT_CONVERSION = YES;
				CLANG_WARN_DEPRECATED_OBJC_IMPLEMENTATIONS = YES;
				CLANG_WARN_DIRECT_OBJC_ISA_USAGE = YES_ERROR;
				CLANG_WARN_DOCUMENTATION_COMMENTS = YES;
				CLANG_WARN_EMPTY_BODY = YES;
				CLANG_WARN_ENUM_CONVERSION = YES;
				CLANG_WARN_INFINITE_RECURSION = YES;
				CLANG_WARN_INT_CONVERSION = YES;
				CLANG_WARN_NON_LITERAL_NULL_CONVERSION = YES;
				CLANG_WARN_OBJC_IMPLICIT_RETAIN_SELF = YES;
				CLANG_WARN_OBJC_LITERAL_CONVERSION = YES;
				CLANG_WARN_OBJC_ROOT_CLASS = YES_ERROR;
				CLANG_WARN_QUOTED_INCLUDE_IN_FRAMEWORK_HEADER = YES;
				CLANG_WARN_RANGE_LOOP_ANALYSIS = YES;
				CLANG_WARN_STRICT_PROTOTYPES = YES;
				CLANG_WARN_SUSPICIOUS_MOVE = YES;
				CLANG_WARN_UNGUARDED_AVAILABILITY = YES_AGGRESSIVE;
				CLANG_WARN_UNREACHABLE_CODE = YES;
				CLANG_WARN__DUPLICATE_METHOD_MATCH = YES;
				COPY_PHASE_STRIP = NO;
				DEBUG_INFORMATION_FORMAT = "dwarf-with-dsym";
				DEVELOPMENT_TEAM = KCNKF4CG5B;
				ENABLE_NS_ASSERTIONS = NO;
				ENABLE_STRICT_OBJC_MSGSEND = YES;
				ENABLE_USER_SCRIPT_SANDBOXING = YES;
				GCC_C_LANGUAGE_STANDARD = gnu17;
				GCC_NO_COMMON_BLOCKS = YES;
				GCC_WARN_64_TO_32_BIT_CONVERSION = YES;
				GCC_WARN_ABOUT_RETURN_TYPE = YES_ERROR;
				GCC_WARN_UNDECLARED_SELECTOR = YES;
				GCC_WARN_UNINITIALIZED_AUTOS = YES_AGGRESSIVE;
				GCC_WARN_UNUSED_FUNCTION = YES;
				GCC_WARN_UNUSED_VARIABLE = YES;
				IPHONEOS_DEPLOYMENT_TARGET = 26.2;
				LOCALIZATION_PREFERS_STRING_CATALOGS = YES;
				MTL_ENABLE_DEBUG_INFO = NO;
				MTL_FAST_MATH = YES;
				SDKROOT = iphoneos;
				SWIFT_COMPILATION_MODE = wholemodule;
				VALIDATE_PRODUCT = YES;
			};
			name = Release;
		};
		29C55EDD2F6B49B6009AD065 /* Debug */ = {
			isa = XCBuildConfiguration;
			buildSettings = {
				ASSETCATALOG_COMPILER_APPICON_NAME = AppIcon;
				ASSETCATALOG_COMPILER_GLOBAL_ACCENT_COLOR_NAME = AccentColor;
				CODE_SIGN_STYLE = Automatic;
				CURRENT_PROJECT_VERSION = 1;
				DEVELOPMENT_TEAM = KCNKF4CG5B;
				ENABLE_PREVIEWS = YES;
				GENERATE_INFOPLIST_FILE = YES;
				INFOPLIST_KEY_UIApplicationSceneManifest_Generation = YES;
				INFOPLIST_KEY_UIApplicationSupportsIndirectInputEvents = YES;
				INFOPLIST_KEY_UILaunchScreen_Generation = YES;
				INFOPLIST_KEY_UISupportedInterfaceOrientations_iPad = "UIInterfaceOrientationPortrait UIInterfaceOrientationPortraitUpsideDown UIInterfaceOrientationLandscapeLeft UIInterfaceOrientationLandscapeRight";
				INFOPLIST_KEY_UISupportedInterfaceOrientations_iPhone = "UIInterfaceOrientationPortrait UIInterfaceOrientationLandscapeLeft UIInterfaceOrientationLandscapeRight";
				LD_RUNPATH_SEARCH_PATHS = (
					"$(inherited)",
					"@executable_path/Frameworks",
				);
				MARKETING_VERSION = 1.0;
				PRODUCT_BUNDLE_IDENTIFIER = com.shawn.QuarterMeasure;
				PRODUCT_NAME = "$(TARGET_NAME)";
				STRING_CATALOG_GENERATE_SYMBOLS = YES;
				SWIFT_APPROACHABLE_CONCURRENCY = YES;
				SWIFT_DEFAULT_ACTOR_ISOLATION = MainActor;
				SWIFT_EMIT_LOC_STRINGS = YES;
				SWIFT_UPCOMING_FEATURE_MEMBER_IMPORT_VISIBILITY = YES;
				SWIFT_VERSION = 5.0;
				TARGETED_DEVICE_FAMILY = "1,2";
			};
			name = Debug;
		};
		29C55EDE2F6B49B6009AD065 /* Release */ = {
			isa = XCBuildConfiguration;
			buildSettings = {
				ASSETCATALOG_COMPILER_APPICON_NAME = AppIcon;
				ASSETCATALOG_COMPILER_GLOBAL_ACCENT_COLOR_NAME = AccentColor;
				CODE_SIGN_STYLE = Automatic;
				CURRENT_PROJECT_VERSION = 1;
				DEVELOPMENT_TEAM = KCNKF4CG5B;
				ENABLE_PREVIEWS = YES;
				GENERATE_INFOPLIST_FILE = YES;
				INFOPLIST_KEY_UIApplicationSceneManifest_Generation = YES;
				INFOPLIST_KEY_UIApplicationSupportsIndirectInputEvents = YES;
				INFOPLIST_KEY_UILaunchScreen_Generation = YES;
				INFOPLIST_KEY_UISupportedInterfaceOrientations_iPad = "UIInterfaceOrientationPortrait UIInterfaceOrientationPortraitUpsideDown UIInterfaceOrientationLandscapeLeft UIInterfaceOrientationLandscapeRight";
				INFOPLIST_KEY_UISupportedInterfaceOrientations_iPhone = "UIInterfaceOrientationPortrait UIInterfaceOrientationLandscapeLeft UIInterfaceOrientationLandscapeRight";
				LD_RUNPATH_SEARCH_PATHS = (
					"$(inherited)",
					"@executable_path/Frameworks",
				);
				MARKETING_VERSION = 1.0;
				PRODUCT_BUNDLE_IDENTIFIER = com.shawn.QuarterMeasure;
				PRODUCT_NAME = "$(TARGET_NAME)";
				STRING_CATALOG_GENERATE_SYMBOLS = YES;
				SWIFT_APPROACHABLE_CONCURRENCY = YES;
				SWIFT_DEFAULT_ACTOR_ISOLATION = MainActor;
				SWIFT_EMIT_LOC_STRINGS = YES;
				SWIFT_UPCOMING_FEATURE_MEMBER_IMPORT_VISIBILITY = YES;
				SWIFT_VERSION = 5.0;
				TARGETED_DEVICE_FAMILY = "1,2";
			};
			name = Release;
		};
		29C55EE02F6B49B6009AD065 /* Debug */ = {
			isa = XCBuildConfiguration;
			buildSettings = {
				BUNDLE_LOADER = "$(TEST_HOST)";
				CODE_SIGN_STYLE = Automatic;
				CURRENT_PROJECT_VERSION = 1;
				DEVELOPMENT_TEAM = KCNKF4CG5B;
				GENERATE_INFOPLIST_FILE = YES;
				IPHONEOS_DEPLOYMENT_TARGET = 26.2;
				MARKETING_VERSION = 1.0;
				PRODUCT_BUNDLE_IDENTIFIER = com.shawn.QuarterMeasureTests;
				PRODUCT_NAME = "$(TARGET_NAME)";
				STRING_CATALOG_GENERATE_SYMBOLS = NO;
				SWIFT_APPROACHABLE_CONCURRENCY = YES;
				SWIFT_EMIT_LOC_STRINGS = NO;
				SWIFT_UPCOMING_FEATURE_MEMBER_IMPORT_VISIBILITY = YES;
				SWIFT_VERSION = 5.0;
				TARGETED_DEVICE_FAMILY = "1,2";
				TEST_HOST = "$(BUILT_PRODUCTS_DIR)/QuarterMeasure.app/$(BUNDLE_EXECUTABLE_FOLDER_PATH)/QuarterMeasure";
			};
			name = Debug;
		};
		29C55EE12F6B49B6009AD065 /* Release */ = {
			isa = XCBuildConfiguration;
			buildSettings = {
				BUNDLE_LOADER = "$(TEST_HOST)";
				CODE_SIGN_STYLE = Automatic;
				CURRENT_PROJECT_VERSION = 1;
				DEVELOPMENT_TEAM = KCNKF4CG5B;
				GENERATE_INFOPLIST_FILE = YES;
				IPHONEOS_DEPLOYMENT_TARGET = 26.2;
				MARKETING_VERSION = 1.0;
				PRODUCT_BUNDLE_IDENTIFIER = com.shawn.QuarterMeasureTests;
				PRODUCT_NAME = "$(TARGET_NAME)";
				STRING_CATALOG_GENERATE_SYMBOLS = NO;
				SWIFT_APPROACHABLE_CONCURRENCY = YES;
				SWIFT_EMIT_LOC_STRINGS = NO;
				SWIFT_UPCOMING_FEATURE_MEMBER_IMPORT_VISIBILITY = YES;
				SWIFT_VERSION = 5.0;
				TARGETED_DEVICE_FAMILY = "1,2";
				TEST_HOST = "$(BUILT_PRODUCTS_DIR)/QuarterMeasure.app/$(BUNDLE_EXECUTABLE_FOLDER_PATH)/QuarterMeasure";
			};
			name = Release;
		};
		29C55EE32F6B49B6009AD065 /* Debug */ = {
			isa = XCBuildConfiguration;
			buildSettings = {
				CODE_SIGN_STYLE = Automatic;
				CURRENT_PROJECT_VERSION = 1;
				DEVELOPMENT_TEAM = KCNKF4CG5B;
				GENERATE_INFOPLIST_FILE = YES;
				MARKETING_VERSION = 1.0;
				PRODUCT_BUNDLE_IDENTIFIER = com.shawn.QuarterMeasureUITests;
				PRODUCT_NAME = "$(TARGET_NAME)";
				STRING_CATALOG_GENERATE_SYMBOLS = NO;
				SWIFT_APPROACHABLE_CONCURRENCY = YES;
				SWIFT_EMIT_LOC_STRINGS = NO;
				SWIFT_UPCOMING_FEATURE_MEMBER_IMPORT_VISIBILITY = YES;
				SWIFT_VERSION = 5.0;
				TARGETED_DEVICE_FAMILY = "1,2";
				TEST_TARGET_NAME = QuarterMeasure;
			};
			name = Debug;
		};
		29C55EE42F6B49B6009AD065 /* Release */ = {
			isa = XCBuildConfiguration;
			buildSettings = {
				CODE_SIGN_STYLE = Automatic;
				CURRENT_PROJECT_VERSION = 1;
				DEVELOPMENT_TEAM = KCNKF4CG5B;
				GENERATE_INFOPLIST_FILE = YES;
				MARKETING_VERSION = 1.0;
				PRODUCT_BUNDLE_IDENTIFIER = com.shawn.QuarterMeasureUITests;
				PRODUCT_NAME = "$(TARGET_NAME)";
				STRING_CATALOG_GENERATE_SYMBOLS = NO;
				SWIFT_APPROACHABLE_CONCURRENCY = YES;
				SWIFT_EMIT_LOC_STRINGS = NO;
				SWIFT_UPCOMING_FEATURE_MEMBER_IMPORT_VISIBILITY = YES;
				SWIFT_VERSION = 5.0;
				TARGETED_DEVICE_FAMILY = "1,2";
				TEST_TARGET_NAME = QuarterMeasure;
			};
			name = Release;
		};
/* End XCBuildConfiguration section */

/* Begin XCConfigurationList section */
		29C55EB62F6B49B5009AD065 /* Build configuration list for PBXProject "QuarterMeasure" */ = {
			isa = XCConfigurationList;
			buildConfigurations = (
				29C55EDA2F6B49B6009AD065 /* Debug */,
				29C55EDB2F6B49B6009AD065 /* Release */,
			);
			defaultConfigurationIsVisible = 0;
			defaultConfigurationName = Release;
		};
		29C55EDC2F6B49B6009AD065 /* Build configuration list for PBXNativeTarget "QuarterMeasure" */ = {
			isa = XCConfigurationList;
			buildConfigurations = (
				29C55EDD2F6B49B6009AD065 /* Debug */,
				29C55EDE2F6B49B6009AD065 /* Release */,
			);
			defaultConfigurationIsVisible = 0;
			defaultConfigurationName = Release;
		};
		29C55EDF2F6B49B6009AD065 /* Build configuration list for PBXNativeTarget "QuarterMeasureTests" */ = {
			isa = XCConfigurationList;
			buildConfigurations = (
				29C55EE02F6B49B6009AD065 /* Debug */,
				29C55EE12F6B49B6009AD065 /* Release */,
			);
			defaultConfigurationIsVisible = 0;
			defaultConfigurationName = Release;
		};
		29C55EE22F6B49B6009AD065 /* Build configuration list for PBXNativeTarget "QuarterMeasureUITests" */ = {
			isa = XCConfigurationList;
			buildConfigurations = (
				29C55EE32F6B49B6009AD065 /* Debug */,
				29C55EE42F6B49B6009AD065 /* Release */,
			);
			defaultConfigurationIsVisible = 0;
			defaultConfigurationName = Release;
		};
/* End XCConfigurationList section */
	};
	rootObject = 29C55EB32F6B49B5009AD065 /* Project object */;
}
